
Microsoft Visual Studio Solution File, Format Version 12.00
# Visual Studio Version 16
VisualStudioVersion = 16.0.32002.261
MinimumVisualStudioVersion = 10.0.40219.1
Project("{9A19103F-16F7-4668-BE54-9A1E7A4F7556}") = "MyWebProject", "MyWebProject\MyWebProject.csproj", "{B593EA33-0A77-4127-A540-18D2D44601CA}"
EndProject
Global
	GlobalSection(SolutionConfigurationPlatforms) = preSolution
		Debug|Any CPU = Debug|Any CPU
		Release|Any CPU = Release|Any CPU
	EndGlobalSection
	GlobalSection(ProjectConfigurationPlatforms) = postSolution
		{B593EA33-0A77-4127-A540-18D2D44601CA}.Debug|Any CPU.ActiveCfg = Debug|Any CPU
		{B593EA33-0A77-4127-A540-18D2D44601CA}.Debug|Any CPU.Build.0 = Debug|Any CPU
		{B593EA33-0A77-4127-A540-18D2D44601CA}.Release|Any CPU.ActiveCfg = Release|Any CPU
		{B593EA33-0A77-4127-A540-18D2D44601CA}.Release|Any CPU.Build.0 = Release|Any CPU
	EndGlobalSection
	GlobalSection(SolutionProperties) = preSolution
		HideSolutionNode = FALSE
	EndGlobalSection
	GlobalSection(ExtensibilityGlobals) = postSolution
		SolutionGuid = {FB59F514-411A-4A1D-8E48-90AC076AB023}
	EndGlobalSection
EndGlobal
